
Microsoft Visual Studio Solution File, Format Version 12.00
# Visual Studio Version 17
VisualStudioVersion = 17.5.33424.131
MinimumVisualStudioVersion = 10.0.40219.1
Project("{8BC9CEB8-8B4A-11D0-8D11-00A0C91BC942}") = "240429_cpp_practice1", "240429_cpp_practice1.vcxproj", "{FF4DAADF-9F31-4768-B7C8-5B61CB11E0B5}"
EndProject
Global
	GlobalSection(SolutionConfigurationPlatforms) = preSolution
		Debug|x64 = Debug|x64
		Debug|x86 = Debug|x86
		Release|x64 = Release|x64
		Release|x86 = Release|x86
	EndGlobalSection
	GlobalSection(ProjectConfigurationPlatforms) = postSolution
		{FF4DAADF-9F31-4768-B7C8-5B61CB11E0B5}.Debug|x64.ActiveCfg = Debug|x64
		{FF4DAADF-9F31-4768-B7C8-5B61CB11E0B5}.Debug|x64.Build.0 = Debug|x64
		{FF4DAADF-9F31-4768-B7C8-5B61CB11E0B5}.Debug|x86.ActiveCfg = Debug|Win32
		{FF4DAADF-9F31-4768-B7C8-5B61CB11E0B5}.Debug|x86.Build.0 = Debug|Win32
		{FF4DAADF-9F31-4768-B7C8-5B61CB11E0B5}.Release|x64.ActiveCfg = Release|x64
		{FF4DAADF-9F31-4768-B7C8-5B61CB11E0B5}.Release|x64.Build.0 = Release|x64
		{FF4DAADF-9F31-4768-B7C8-5B61CB11E0B5}.Release|x86.ActiveCfg = Release|Win32
		{FF4DAADF-9F31-4768-B7C8-5B61CB11E0B5}.Release|x86.Build.0 = Release|Win32
	EndGlobalSection
	GlobalSection(SolutionProperties) = preSolution
		HideSolutionNode = FALSE
	EndGlobalSection
	GlobalSection(ExtensibilityGlobals) = postSolution
		SolutionGuid = {3DB781E9-1060-4BFD-B65C-17A98B45DE2A}
	EndGlobalSection
EndGlobal
